
Microsoft Visual Studio Solution File, Format Version 12.00
# Visual Studio Version 17
VisualStudioVersion = 17.5.33516.290
MinimumVisualStudioVersion = 10.0.40219.1
Project("{FAE04EC0-301F-11D3-BF4B-00C04F79EFBC}") = "WpfNetworkChat", "WpfNetworkChat.csproj", "{BEE2C100-5281-4066-9692-7A095F38A553}"
EndProject
Project("{FAE04EC0-301F-11D3-BF4B-00C04F79EFBC}") = "NetworkTcpChatApp", "..\NetworkTcpChatApp\NetworkTcpChatApp.csproj", "{7285B600-EDA9-4A40-A357-5CDE0B27E4BF}"
EndProject
Global
	GlobalSection(SolutionConfigurationPlatforms) = preSolution
		Debug|Any CPU = Debug|Any CPU
		Release|Any CPU = Release|Any CPU
	EndGlobalSection
	GlobalSection(ProjectConfigurationPlatforms) = postSolution
		{BEE2C100-5281-4066-9692-7A095F38A553}.Debug|Any CPU.ActiveCfg = Debug|Any CPU
		{BEE2C100-5281-4066-9692-7A095F38A553}.Debug|Any CPU.Build.0 = Debug|Any CPU
		{BEE2C100-5281-4066-9692-7A095F38A553}.Release|Any CPU.ActiveCfg = Release|Any CPU
		{BEE2C100-5281-4066-9692-7A095F38A553}.Release|Any CPU.Build.0 = Release|Any CPU
		{7285B600-EDA9-4A40-A357-5CDE0B27E4BF}.Debug|Any CPU.ActiveCfg = Debug|Any CPU
		{7285B600-EDA9-4A40-A357-5CDE0B27E4BF}.Debug|Any CPU.Build.0 = Debug|Any CPU
		{7285B600-EDA9-4A40-A357-5CDE0B27E4BF}.Release|Any CPU.ActiveCfg = Release|Any CPU
		{7285B600-EDA9-4A40-A357-5CDE0B27E4BF}.Release|Any CPU.Build.0 = Release|Any CPU
	EndGlobalSection
	GlobalSection(SolutionProperties) = preSolution
		HideSolutionNode = FALSE
	EndGlobalSection
	GlobalSection(ExtensibilityGlobals) = postSolution
		SolutionGuid = {3CEA7326-83C2-4A3A-A64F-53193DEF058C}
	EndGlobalSection
EndGlobal
